// !$*UTF8*$!
{
	archiveVersion = 1;
	classes = {
	};
	objectVersion = 50;
	objects = {

/* Begin PBXBuildFile section */
		CC3570802154F505009EDC05 /* float4x4+Extensions.swift in Sources */ = {isa = PBXBuildFile; fileRef = CC35707F2154F505009EDC05 /* float4x4+Extensions.swift */; };
		CC35708321551E27009EDC05 /* CustomMetalView.swift in Sources */ = {isa = PBXBuildFile; fileRef = CC35708221551E27009EDC05 /* CustomMetalView.swift */; };
		CC35708621552CB8009EDC05 /* Render.swift in Sources */ = {isa = PBXBuildFile; fileRef = CC35708521552CB8009EDC05 /* Render.swift */; };
		CC8E06E02153819C0078FFC6 /* Light.swift in Sources */ = {isa = PBXBuildFile; fileRef = CC8E06DF2153819C0078FFC6 /* Light.swift */; };
		CC8E06E3215382D50078FFC6 /* Vertex.swift in Sources */ = {isa = PBXBuildFile; fileRef = CC8E06E2215382D50078FFC6 /* Vertex.swift */; };
		CC91A09B21510EA90091874D /* AppDelegate.swift in Sources */ = {isa = PBXBuildFile; fileRef = CC91A09A21510EA90091874D /* AppDelegate.swift */; };
		CC91A09D21510EA90091874D /* ViewController.swift in Sources */ = {isa = PBXBuildFile; fileRef = CC91A09C21510EA90091874D /* ViewController.swift */; };
		CC91A0A021510EA90091874D /* Main.storyboard in Resources */ = {isa = PBXBuildFile; fileRef = CC91A09E21510EA90091874D /* Main.storyboard */; };
		CC91A0A221510EAA0091874D /* Assets.xcassets in Resources */ = {isa = PBXBuildFile; fileRef = CC91A0A121510EAA0091874D /* Assets.xcassets */; };
		CC91A0A521510EAA0091874D /* LaunchScreen.storyboard in Resources */ = {isa = PBXBuildFile; fileRef = CC91A0A321510EAA0091874D /* LaunchScreen.storyboard */; };
		CC91A0AE21510FEA0091874D /* MetalManager.swift in Sources */ = {isa = PBXBuildFile; fileRef = CC91A0AD21510FEA0091874D /* MetalManager.swift */; };
		CC91A0B1215116DC0091874D /* Shaders.metal in Sources */ = {isa = PBXBuildFile; fileRef = CC91A0B0215116DC0091874D /* Shaders.metal */; };
		CC91A0B521512B340091874D /* Node.swift in Sources */ = {isa = PBXBuildFile; fileRef = CC91A0B421512B340091874D /* Node.swift */; };
		CC91A0B821512E5D0091874D /* Triangle.swift in Sources */ = {isa = PBXBuildFile; fileRef = CC91A0B721512E5D0091874D /* Triangle.swift */; };
		CC91A0BA215134980091874D /* Cube.swift in Sources */ = {isa = PBXBuildFile; fileRef = CC91A0B9215134980091874D /* Cube.swift */; };
		CCD3C3D521523ECD00206BB0 /* BufferProvider.swift in Sources */ = {isa = PBXBuildFile; fileRef = CCD3C3D421523ECD00206BB0 /* BufferProvider.swift */; };
/* End PBXBuildFile section */

/* Begin PBXFileReference section */
		CC35707F2154F505009EDC05 /* float4x4+Extensions.swift */ = {isa = PBXFileReference; fileEncoding = 4; lastKnownFileType = sourcecode.swift; path = "float4x4+Extensions.swift"; sourceTree = "<group>"; };
		CC35708221551E27009EDC05 /* CustomMetalView.swift */ = {isa = PBXFileReference; lastKnownFileType = sourcecode.swift; path = CustomMetalView.swift; sourceTree = "<group>"; };
		CC35708521552CB8009EDC05 /* Render.swift */ = {isa = PBXFileReference; lastKnownFileType = sourcecode.swift; path = Render.swift; sourceTree = "<group>"; };
		CC8E06DF2153819C0078FFC6 /* Light.swift */ = {isa = PBXFileReference; lastKnownFileType = sourcecode.swift; path = Light.swift; sourceTree = "<group>"; };
		CC8E06E2215382D50078FFC6 /* Vertex.swift */ = {isa = PBXFileReference; lastKnownFileType = sourcecode.swift; path = Vertex.swift; sourceTree = "<group>"; };
		CC91A09721510EA90091874D /* MetalTest.app */ = {isa = PBXFileReference; explicitFileType = wrapper.application; includeInIndex = 0; path = MetalTest.app; sourceTree = BUILT_PRODUCTS_DIR; };
		CC91A09A21510EA90091874D /* AppDelegate.swift */ = {isa = PBXFileReference; lastKnownFileType = sourcecode.swift; path = AppDelegate.swift; sourceTree = "<group>"; };
		CC91A09C21510EA90091874D /* ViewController.swift */ = {isa = PBXFileReference; lastKnownFileType = sourcecode.swift; path = ViewController.swift; sourceTree = "<group>"; };
		CC91A09F21510EA90091874D /* Base */ = {isa = PBXFileReference; lastKnownFileType = file.storyboard; name = Base; path = Base.lproj/Main.storyboard; sourceTree = "<group>"; };
		CC91A0A121510EAA0091874D /* Assets.xcassets */ = {isa = PBXFileReference; lastKnownFileType = folder.assetcatalog; path = Assets.xcassets; sourceTree = "<group>"; };
		CC91A0A421510EAA0091874D /* Base */ = {isa = PBXFileReference; lastKnownFileType = file.storyboard; name = Base; path = Base.lproj/LaunchScreen.storyboard; sourceTree = "<group>"; };
		CC91A0A621510EAA0091874D /* Info.plist */ = {isa = PBXFileReference; lastKnownFileType = text.plist.xml; path = Info.plist; sourceTree = "<group>"; };
		CC91A0AD21510FEA0091874D /* MetalManager.swift */ = {isa = PBXFileReference; lastKnownFileType = sourcecode.swift; path = MetalManager.swift; sourceTree = "<group>"; };
		CC91A0B0215116DC0091874D /* Shaders.metal */ = {isa = PBXFileReference; lastKnownFileType = sourcecode.metal; path = Shaders.metal; sourceTree = "<group>"; };
		CC91A0B421512B340091874D /* Node.swift */ = {isa = PBXFileReference; lastKnownFileType = sourcecode.swift; path = Node.swift; sourceTree = "<group>"; };
		CC91A0B721512E5D0091874D /* Triangle.swift */ = {isa = PBXFileReference; lastKnownFileType = sourcecode.swift; path = Triangle.swift; sourceTree = "<group>"; };
		CC91A0B9215134980091874D /* Cube.swift */ = {isa = PBXFileReference; lastKnownFileType = sourcecode.swift; path = Cube.swift; sourceTree = "<group>"; };
		CCD3C3D421523ECD00206BB0 /* BufferProvider.swift */ = {isa = PBXFileReference; lastKnownFileType = sourcecode.swift; path = BufferProvider.swift; sourceTree = "<group>"; };
/* End PBXFileReference section */

/* Begin PBXFrameworksBuildPhase section */
		CC91A09421510EA90091874D /* Frameworks */ = {
			isa = PBXFrameworksBuildPhase;
			buildActionMask = 2147483647;
			files = (
			);
			runOnlyForDeploymentPostprocessing = 0;
		};
/* End PBXFrameworksBuildPhase section */

/* Begin PBXGroup section */
		CC35707E2154F4F9009EDC05 /* Extension */ = {
			isa = PBXGroup;
			children = (
				CC35707F2154F505009EDC05 /* float4x4+Extensions.swift */,
			);
			path = Extension;
			sourceTree = "<group>";
		};
		CC35708121551E09009EDC05 /* View */ = {
			isa = PBXGroup;
			children = (
				CC35708221551E27009EDC05 /* CustomMetalView.swift */,
			);
			path = View;
			sourceTree = "<group>";
		};
		CC35708421552CA6009EDC05 /* Manager */ = {
			isa = PBXGroup;
			children = (
				CC35708521552CB8009EDC05 /* Render.swift */,
			);
			path = Manager;
			sourceTree = "<group>";
		};
		CC8E06E1215382BB0078FFC6 /* Struct */ = {
			isa = PBXGroup;
			children = (
				CC8E06DF2153819C0078FFC6 /* Light.swift */,
				CC8E06E2215382D50078FFC6 /* Vertex.swift */,
			);
			path = Struct;
			sourceTree = "<group>";
		};
		CC91A08E21510EA90091874D = {
			isa = PBXGroup;
			children = (
				CC91A09921510EA90091874D /* MetalTest */,
				CC91A09821510EA90091874D /* Products */,
			);
			sourceTree = "<group>";
		};
		CC91A09821510EA90091874D /* Products */ = {
			isa = PBXGroup;
			children = (
				CC91A09721510EA90091874D /* MetalTest.app */,
			);
			name = Products;
			sourceTree = "<group>";
		};
		CC91A09921510EA90091874D /* MetalTest */ = {
			isa = PBXGroup;
			children = (
				CC91A0AF215116AA0091874D /* Shader */,
				CC91A0AC21510FDC0091874D /* Metal */,
				CC91A09A21510EA90091874D /* AppDelegate.swift */,
				CC91A09C21510EA90091874D /* ViewController.swift */,
				CC91A09E21510EA90091874D /* Main.storyboard */,
				CC91A0A121510EAA0091874D /* Assets.xcassets */,
				CC91A0A321510EAA0091874D /* LaunchScreen.storyboard */,
				CC91A0A621510EAA0091874D /* Info.plist */,
			);
			path = MetalTest;
			sourceTree = "<group>";
		};
		CC91A0AC21510FDC0091874D /* Metal */ = {
			isa = PBXGroup;
			children = (
				CC35708421552CA6009EDC05 /* Manager */,
				CC35708121551E09009EDC05 /* View */,
				CC35707E2154F4F9009EDC05 /* Extension */,
				CC8E06E1215382BB0078FFC6 /* Struct */,
				CC91A0B621512E490091874D /* Node */,
				CC91A0AD21510FEA0091874D /* MetalManager.swift */,
				CCD3C3D421523ECD00206BB0 /* BufferProvider.swift */,
			);
			path = Metal;
			sourceTree = "<group>";
		};
		CC91A0AF215116AA0091874D /* Shader */ = {
			isa = PBXGroup;
			children = (
				CC91A0B0215116DC0091874D /* Shaders.metal */,
			);
			path = Shader;
			sourceTree = "<group>";
		};
		CC91A0B621512E490091874D /* Node */ = {
			isa = PBXGroup;
			children = (
				CC91A0B421512B340091874D /* Node.swift */,
				CC91A0B721512E5D0091874D /* Triangle.swift */,
				CC91A0B9215134980091874D /* Cube.swift */,
			);
			path = Node;
			sourceTree = "<group>";
		};
/* End PBXGroup section */

/* Begin PBXNativeTarget section */
		CC91A09621510EA90091874D /* MetalTest */ = {
			isa = PBXNativeTarget;
			buildConfigurationList = CC91A0A921510EAA0091874D /* Build configuration list for PBXNativeTarget "MetalTest" */;
			buildPhases = (
				CC91A09321510EA90091874D /* Sources */,
				CC91A09421510EA90091874D /* Frameworks */,
				CC91A09521510EA90091874D /* Resources */,
			);
			buildRules = (
			);
			dependencies = (
			);
			name = MetalTest;
			productName = MetalTest;
			productReference = CC91A09721510EA90091874D /* MetalTest.app */;
			productType = "com.apple.product-type.application";
		};
/* End PBXNativeTarget section */

/* Begin PBXProject section */
		CC91A08F21510EA90091874D /* Project object */ = {
			isa = PBXProject;
			attributes = {
				LastSwiftUpdateCheck = 1000;
				LastUpgradeCheck = 1000;
				ORGANIZATIONNAME = "Local István Gulyás";
				TargetAttributes = {
					CC91A09621510EA90091874D = {
						CreatedOnToolsVersion = 10.0;
						LastSwiftMigration = 1000;
					};
				};
			};
			buildConfigurationList = CC91A09221510EA90091874D /* Build configuration list for PBXProject "MetalTest" */;
			compatibilityVersion = "Xcode 9.3";
			developmentRegion = en;
			hasScannedForEncodings = 0;
			knownRegions = (
				en,
				Base,
			);
			mainGroup = CC91A08E21510EA90091874D;
			productRefGroup = CC91A09821510EA90091874D /* Products */;
			projectDirPath = "";
			projectRoot = "";
			targets = (
				CC91A09621510EA90091874D /* MetalTest */,
			);
		};
/* End PBXProject section */

/* Begin PBXResourcesBuildPhase section */
		CC91A09521510EA90091874D /* Resources */ = {
			isa = PBXResourcesBuildPhase;
			buildActionMask = 2147483647;
			files = (
				CC91A0A521510EAA0091874D /* LaunchScreen.storyboard in Resources */,
				CC91A0A221510EAA0091874D /* Assets.xcassets in Resources */,
				CC91A0A021510EA90091874D /* Main.storyboard in Resources */,
			);
			runOnlyForDeploymentPostprocessing = 0;
		};
/* End PBXResourcesBuildPhase section */

/* Begin PBXSourcesBuildPhase section */
		CC91A09321510EA90091874D /* Sources */ = {
			isa = PBXSourcesBuildPhase;
			buildActionMask = 2147483647;
			files = (
				CC91A0B1215116DC0091874D /* Shaders.metal in Sources */,
				CC35708321551E27009EDC05 /* CustomMetalView.swift in Sources */,
				CC3570802154F505009EDC05 /* float4x4+Extensions.swift in Sources */,
				CC91A0AE21510FEA0091874D /* MetalManager.swift in Sources */,
				CCD3C3D521523ECD00206BB0 /* BufferProvider.swift in Sources */,
				CC8E06E02153819C0078FFC6 /* Light.swift in Sources */,
				CC91A0B521512B340091874D /* Node.swift in Sources */,
				CC35708621552CB8009EDC05 /* Render.swift in Sources */,
				CC8E06E3215382D50078FFC6 /* Vertex.swift in Sources */,
				CC91A0BA215134980091874D /* Cube.swift in Sources */,
				CC91A09D21510EA90091874D /* ViewController.swift in Sources */,
				CC91A0B821512E5D0091874D /* Triangle.swift in Sources */,
				CC91A09B21510EA90091874D /* AppDelegate.swift in Sources */,
			);
			runOnlyForDeploymentPostprocessing = 0;
		};
/* End PBXSourcesBuildPhase section */

/* Begin PBXVariantGroup section */
		CC91A09E21510EA90091874D /* Main.storyboard */ = {
			isa = PBXVariantGroup;
			children = (
				CC91A09F21510EA90091874D /* Base */,
			);
			name = Main.storyboard;
			sourceTree = "<group>";
		};
		CC91A0A321510EAA0091874D /* LaunchScreen.storyboard */ = {
			isa = PBXVariantGroup;
			children = (
				CC91A0A421510EAA0091874D /* Base */,
			);
			name = LaunchScreen.storyboard;
			sourceTree = "<group>";
		};
/* End PBXVariantGroup section */

/* Begin XCBuildConfiguration section */
		CC91A0A721510EAA0091874D /* Debug */ = {
			isa = XCBuildConfiguration;
			buildSettings = {
				ALWAYS_SEARCH_USER_PATHS = NO;
				CLANG_ANALYZER_NONNULL = YES;
				CLANG_ANALYZER_NUMBER_OBJECT_CONVERSION = YES_AGGRESSIVE;
				CLANG_CXX_LANGUAGE_STANDARD = "gnu++14";
				CLANG_CXX_LIBRARY = "libc++";
				CLANG_ENABLE_MODULES = YES;
				CLANG_ENABLE_OBJC_ARC = YES;
				CLANG_ENABLE_OBJC_WEAK = YES;
				CLANG_WARN_BLOCK_CAPTURE_AUTORELEASING = YES;
				CLANG_WARN_BOOL_CONVERSION = YES;
				CLANG_WARN_COMMA = YES;
				CLANG_WARN_CONSTANT_CONVERSION = YES;
				CLANG_WARN_DEPRECATED_OBJC_IMPLEMENTATIONS = YES;
				CLANG_WARN_DIRECT_OBJC_ISA_USAGE = YES_ERROR;
				CLANG_WARN_DOCUMENTATION_COMMENTS = YES;
				CLANG_WARN_EMPTY_BODY = YES;
				CLANG_WARN_ENUM_CONVERSION = YES;
				CLANG_WARN_INFINITE_RECURSION = YES;
				CLANG_WARN_INT_CONVERSION = YES;
				CLANG_WARN_NON_LITERAL_NULL_CONVERSION = YES;
				CLANG_WARN_OBJC_IMPLICIT_RETAIN_SELF = YES;
				CLANG_WARN_OBJC_LITERAL_CONVERSION = YES;
				CLANG_WARN_OBJC_ROOT_CLASS = YES_ERROR;
				CLANG_WARN_RANGE_LOOP_ANALYSIS = YES;
				CLANG_WARN_STRICT_PROTOTYPES = YES;
				CLANG_WARN_SUSPICIOUS_MOVE = YES;
				CLANG_WARN_UNGUARDED_AVAILABILITY = YES_AGGRESSIVE;
				CLANG_WARN_UNREACHABLE_CODE = YES;
				CLANG_WARN__DUPLICATE_METHOD_MATCH = YES;
				CODE_SIGN_IDENTITY = "iPhone Developer";
				COPY_PHASE_STRIP = NO;
				DEBUG_INFORMATION_FORMAT = dwarf;
				ENABLE_STRICT_OBJC_MSGSEND = YES;
				ENABLE_TESTABILITY = YES;
				GCC_C_LANGUAGE_STANDARD = gnu11;
				GCC_DYNAMIC_NO_PIC = NO;
				GCC_NO_COMMON_BLOCKS = YES;
				GCC_OPTIMIZATION_LEVEL = 0;
				GCC_PREPROCESSOR_DEFINITIONS = (
					"DEBUG=1",
					"$(inherited)",
				);
				GCC_WARN_64_TO_32_BIT_CONVERSION = YES;
				GCC_WARN_ABOUT_RETURN_TYPE = YES_ERROR;
				GCC_WARN_UNDECLARED_SELECTOR = YES;
				GCC_WARN_UNINITIALIZED_AUTOS = YES_AGGRESSIVE;
				GCC_WARN_UNUSED_FUNCTION = YES;
				GCC_WARN_UNUSED_VARIABLE = YES;
				IPHONEOS_DEPLOYMENT_TARGET = 12.0;
				MTL_ENABLE_DEBUG_INFO = INCLUDE_SOURCE;
				MTL_FAST_MATH = YES;
				ONLY_ACTIVE_ARCH = YES;
				SDKROOT = iphoneos;
				SWIFT_ACTIVE_COMPILATION_CONDITIONS = DEBUG;
				SWIFT_OPTIMIZATION_LEVEL = "-Onone";
			};
			name = Debug;
		};
		CC91A0A821510EAA0091874D /* Release */ = {
			isa = XCBuildConfiguration;
			buildSettings = {
				ALWAYS_SEARCH_USER_PATHS = NO;
				CLANG_ANALYZER_NONNULL = YES;
				CLANG_ANALYZER_NUMBER_OBJECT_CONVERSION = YES_AGGRESSIVE;
				CLANG_CXX_LANGUAGE_STANDARD = "gnu++14";
				CLANG_CXX_LIBRARY = "libc++";
				CLANG_ENABLE_MODULES = YES;
				CLANG_ENABLE_OBJC_ARC = YES;
				CLANG_ENABLE_OBJC_WEAK = YES;
				CLANG_WARN_BLOCK_CAPTURE_AUTORELEASING = YES;
				CLANG_WARN_BOOL_CONVERSION = YES;
				CLANG_WARN_COMMA = YES;
				CLANG_WARN_CONSTANT_CONVERSION = YES;
				CLANG_WARN_DEPRECATED_OBJC_IMPLEMENTATIONS = YES;
				CLANG_WARN_DIRECT_OBJC_ISA_USAGE = YES_ERROR;
				CLANG_WARN_DOCUMENTATION_COMMENTS = YES;
				CLANG_WARN_EMPTY_BODY = YES;
				CLANG_WARN_ENUM_CONVERSION = YES;
				CLANG_WARN_INFINITE_RECURSION = YES;
				CLANG_WARN_INT_CONVERSION = YES;
				CLANG_WARN_NON_LITERAL_NULL_CONVERSION = YES;
				CLANG_WARN_OBJC_IMPLICIT_RETAIN_SELF = YES;
				CLANG_WARN_OBJC_LITERAL_CONVERSION = YES;
				CLANG_WARN_OBJC_ROOT_CLASS = YES_ERROR;
				CLANG_WARN_RANGE_LOOP_ANALYSIS = YES;
				CLANG_WARN_STRICT_PROTOTYPES = YES;
				CLANG_WARN_SUSPICIOUS_MOVE = YES;
				CLANG_WARN_UNGUARDED_AVAILABILITY = YES_AGGRESSIVE;
				CLANG_WARN_UNREACHABLE_CODE = YES;
				CLANG_WARN__DUPLICATE_METHOD_MATCH = YES;
				CODE_SIGN_IDENTITY = "iPhone Developer";
				COPY_PHASE_STRIP = NO;
				DEBUG_INFORMATION_FORMAT = "dwarf-with-dsym";
				ENABLE_NS_ASSERTIONS = NO;
				ENABLE_STRICT_OBJC_MSGSEND = YES;
				GCC_C_LANGUAGE_STANDARD = gnu11;
				GCC_NO_COMMON_BLOCKS = YES;
				GCC_WARN_64_TO_32_BIT_CONVERSION = YES;
				GCC_WARN_ABOUT_RETURN_TYPE = YES_ERROR;
				GCC_WARN_UNDECLARED_SELECTOR = YES;
				GCC_WARN_UNINITIALIZED_AUTOS = YES_AGGRESSIVE;
				GCC_WARN_UNUSED_FUNCTION = YES;
				GCC_WARN_UNUSED_VARIABLE = YES;
				IPHONEOS_DEPLOYMENT_TARGET = 12.0;
				MTL_ENABLE_DEBUG_INFO = NO;
				MTL_FAST_MATH = YES;
				SDKROOT = iphoneos;
				SWIFT_COMPILATION_MODE = wholemodule;
				SWIFT_OPTIMIZATION_LEVEL = "-O";
				VALIDATE_PRODUCT = YES;
			};
			name = Release;
		};
		CC91A0AA21510EAA0091874D /* Debug */ = {
			isa = XCBuildConfiguration;
			buildSettings = {
				ASSETCATALOG_COMPILER_APPICON_NAME = AppIcon;
				CLANG_ENABLE_MODULES = YES;
				CODE_SIGN_STYLE = Automatic;
				DEVELOPMENT_TEAM = C465294RCV;
				INFOPLIST_FILE = MetalTest/Info.plist;
				LD_RUNPATH_SEARCH_PATHS = (
					"$(inherited)",
					"@executable_path/Frameworks",
				);
				PRODUCT_BUNDLE_IDENTIFIER = com.individual.MetalTest;
				PRODUCT_NAME = "$(TARGET_NAME)";
				SWIFT_OBJC_BRIDGING_HEADER = "";
				SWIFT_OPTIMIZATION_LEVEL = "-Onone";
				SWIFT_VERSION = 4.2;
				TARGETED_DEVICE_FAMILY = "1,2";
			};
			name = Debug;
		};
		CC91A0AB21510EAA0091874D /* Release */ = {
			isa = XCBuildConfiguration;
			buildSettings = {
				ASSETCATALOG_COMPILER_APPICON_NAME = AppIcon;
				CLANG_ENABLE_MODULES = YES;
				CODE_SIGN_STYLE = Automatic;
				DEVELOPMENT_TEAM = C465294RCV;
				INFOPLIST_FILE = MetalTest/Info.plist;
				LD_RUNPATH_SEARCH_PATHS = (
					"$(inherited)",
					"@executable_path/Frameworks",
				);
				PRODUCT_BUNDLE_IDENTIFIER = com.individual.MetalTest;
				PRODUCT_NAME = "$(TARGET_NAME)";
				SWIFT_OBJC_BRIDGING_HEADER = "";
				SWIFT_VERSION = 4.2;
				TARGETED_DEVICE_FAMILY = "1,2";
			};
			name = Release;
		};
/* End XCBuildConfiguration section */

/* Begin XCConfigurationList section */
		CC91A09221510EA90091874D /* Build configuration list for PBXProject "MetalTest" */ = {
			isa = XCConfigurationList;
			buildConfigurations = (
				CC91A0A721510EAA0091874D /* Debug */,
				CC91A0A821510EAA0091874D /* Release */,
			);
			defaultConfigurationIsVisible = 0;
			defaultConfigurationName = Release;
		};
		CC91A0A921510EAA0091874D /* Build configuration list for PBXNativeTarget "MetalTest" */ = {
			isa = XCConfigurationList;
			buildConfigurations = (
				CC91A0AA21510EAA0091874D /* Debug */,
				CC91A0AB21510EAA0091874D /* Release */,
			);
			defaultConfigurationIsVisible = 0;
			defaultConfigurationName = Release;
		};
/* End XCConfigurationList section */
	};
	rootObject = CC91A08F21510EA90091874D /* Project object */;
}
