// !$*UTF8*$!
{
	archiveVersion = 1;
	classes = {
	};
	objectVersion = 50;
	objects = {

/* Begin PBXBuildFile section */
		CC15B81221A59DD200B0B421 /* AppDelegate.swift in Sources */ = {isa = PBXBuildFile; fileRef = CC15B81121A59DD200B0B421 /* AppDelegate.swift */; };
		CC15B81421A59DD200B0B421 /* ViewController.swift in Sources */ = {isa = PBXBuildFile; fileRef = CC15B81321A59DD200B0B421 /* ViewController.swift */; };
		CC15B81721A59DD200B0B421 /* Main.storyboard in Resources */ = {isa = PBXBuildFile; fileRef = CC15B81521A59DD200B0B421 /* Main.storyboard */; };
		CC15B81921A59DD400B0B421 /* Assets.xcassets in Resources */ = {isa = PBXBuildFile; fileRef = CC15B81821A59DD400B0B421 /* Assets.xcassets */; };
		CC15B81C21A59DD400B0B421 /* LaunchScreen.storyboard in Resources */ = {isa = PBXBuildFile; fileRef = CC15B81A21A59DD400B0B421 /* LaunchScreen.storyboard */; };
		CC15B82421A5A4E900B0B421 /* Renderer.swift in Sources */ = {isa = PBXBuildFile; fileRef = CC15B82321A5A4E800B0B421 /* Renderer.swift */; };
		CC15B82821A5A75D00B0B421 /* bob.obj in Resources */ = {isa = PBXBuildFile; fileRef = CC15B82521A5A75C00B0B421 /* bob.obj */; };
		CC15B82921A5A75D00B0B421 /* blub.obj in Resources */ = {isa = PBXBuildFile; fileRef = CC15B82621A5A75C00B0B421 /* blub.obj */; };
		CC15B82A21A5A75D00B0B421 /* teapot.obj in Resources */ = {isa = PBXBuildFile; fileRef = CC15B82721A5A75C00B0B421 /* teapot.obj */; };
		CC15B82C21A5AE2B00B0B421 /* Shaders.metal in Sources */ = {isa = PBXBuildFile; fileRef = CC15B82B21A5AE2B00B0B421 /* Shaders.metal */; };
		CC15B82E21A5BBED00B0B421 /* MathUtilities.swift in Sources */ = {isa = PBXBuildFile; fileRef = CC15B82D21A5BBED00B0B421 /* MathUtilities.swift */; };
		CC65926421AC1965007462CA /* Scene.swift in Sources */ = {isa = PBXBuildFile; fileRef = CC65926321AC1965007462CA /* Scene.swift */; };
/* End PBXBuildFile section */

/* Begin PBXFileReference section */
		CC15B80E21A59DD200B0B421 /* Metal by Example.app */ = {isa = PBXFileReference; explicitFileType = wrapper.application; includeInIndex = 0; path = "Metal by Example.app"; sourceTree = BUILT_PRODUCTS_DIR; };
		CC15B81121A59DD200B0B421 /* AppDelegate.swift */ = {isa = PBXFileReference; lastKnownFileType = sourcecode.swift; path = AppDelegate.swift; sourceTree = "<group>"; };
		CC15B81321A59DD200B0B421 /* ViewController.swift */ = {isa = PBXFileReference; lastKnownFileType = sourcecode.swift; path = ViewController.swift; sourceTree = "<group>"; };
		CC15B81621A59DD200B0B421 /* Base */ = {isa = PBXFileReference; lastKnownFileType = file.storyboard; name = Base; path = Base.lproj/Main.storyboard; sourceTree = "<group>"; };
		CC15B81821A59DD400B0B421 /* Assets.xcassets */ = {isa = PBXFileReference; lastKnownFileType = folder.assetcatalog; path = Assets.xcassets; sourceTree = "<group>"; };
		CC15B81B21A59DD400B0B421 /* Base */ = {isa = PBXFileReference; lastKnownFileType = file.storyboard; name = Base; path = Base.lproj/LaunchScreen.storyboard; sourceTree = "<group>"; };
		CC15B81D21A59DD400B0B421 /* Info.plist */ = {isa = PBXFileReference; lastKnownFileType = text.plist.xml; path = Info.plist; sourceTree = "<group>"; };
		CC15B82321A5A4E800B0B421 /* Renderer.swift */ = {isa = PBXFileReference; lastKnownFileType = sourcecode.swift; path = Renderer.swift; sourceTree = "<group>"; };
		CC15B82521A5A75C00B0B421 /* bob.obj */ = {isa = PBXFileReference; fileEncoding = 4; lastKnownFileType = text; path = bob.obj; sourceTree = "<group>"; };
		CC15B82621A5A75C00B0B421 /* blub.obj */ = {isa = PBXFileReference; fileEncoding = 4; lastKnownFileType = text; path = blub.obj; sourceTree = "<group>"; };
		CC15B82721A5A75C00B0B421 /* teapot.obj */ = {isa = PBXFileReference; fileEncoding = 4; lastKnownFileType = text; path = teapot.obj; sourceTree = "<group>"; };
		CC15B82B21A5AE2B00B0B421 /* Shaders.metal */ = {isa = PBXFileReference; lastKnownFileType = sourcecode.metal; path = Shaders.metal; sourceTree = "<group>"; };
		CC15B82D21A5BBED00B0B421 /* MathUtilities.swift */ = {isa = PBXFileReference; lastKnownFileType = sourcecode.swift; path = MathUtilities.swift; sourceTree = "<group>"; };
		CC65926321AC1965007462CA /* Scene.swift */ = {isa = PBXFileReference; lastKnownFileType = sourcecode.swift; path = Scene.swift; sourceTree = "<group>"; };
/* End PBXFileReference section */

/* Begin PBXFrameworksBuildPhase section */
		CC15B80B21A59DD200B0B421 /* Frameworks */ = {
			isa = PBXFrameworksBuildPhase;
			buildActionMask = 2147483647;
			files = (
			);
			runOnlyForDeploymentPostprocessing = 0;
		};
/* End PBXFrameworksBuildPhase section */

/* Begin PBXGroup section */
		CC15B80521A59DD200B0B421 = {
			isa = PBXGroup;
			children = (
				CC15B81021A59DD200B0B421 /* Metal by Example */,
				CC15B80F21A59DD200B0B421 /* Products */,
			);
			sourceTree = "<group>";
		};
		CC15B80F21A59DD200B0B421 /* Products */ = {
			isa = PBXGroup;
			children = (
				CC15B80E21A59DD200B0B421 /* Metal by Example.app */,
			);
			name = Products;
			sourceTree = "<group>";
		};
		CC15B81021A59DD200B0B421 /* Metal by Example */ = {
			isa = PBXGroup;
			children = (
				CC15B82B21A5AE2B00B0B421 /* Shaders.metal */,
				CC15B82621A5A75C00B0B421 /* blub.obj */,
				CC15B82521A5A75C00B0B421 /* bob.obj */,
				CC15B82721A5A75C00B0B421 /* teapot.obj */,
				CC15B81121A59DD200B0B421 /* AppDelegate.swift */,
				CC15B81321A59DD200B0B421 /* ViewController.swift */,
				CC15B81521A59DD200B0B421 /* Main.storyboard */,
				CC15B81821A59DD400B0B421 /* Assets.xcassets */,
				CC15B81A21A59DD400B0B421 /* LaunchScreen.storyboard */,
				CC15B81D21A59DD400B0B421 /* Info.plist */,
				CC15B82321A5A4E800B0B421 /* Renderer.swift */,
				CC15B82D21A5BBED00B0B421 /* MathUtilities.swift */,
				CC65926321AC1965007462CA /* Scene.swift */,
			);
			path = "Metal by Example";
			sourceTree = "<group>";
		};
/* End PBXGroup section */

/* Begin PBXNativeTarget section */
		CC15B80D21A59DD200B0B421 /* Metal by Example */ = {
			isa = PBXNativeTarget;
			buildConfigurationList = CC15B82021A59DD400B0B421 /* Build configuration list for PBXNativeTarget "Metal by Example" */;
			buildPhases = (
				CC15B80A21A59DD200B0B421 /* Sources */,
				CC15B80B21A59DD200B0B421 /* Frameworks */,
				CC15B80C21A59DD200B0B421 /* Resources */,
			);
			buildRules = (
			);
			dependencies = (
			);
			name = "Metal by Example";
			productName = "Metal by Example";
			productReference = CC15B80E21A59DD200B0B421 /* Metal by Example.app */;
			productType = "com.apple.product-type.application";
		};
/* End PBXNativeTarget section */

/* Begin PBXProject section */
		CC15B80621A59DD200B0B421 /* Project object */ = {
			isa = PBXProject;
			attributes = {
				LastSwiftUpdateCheck = 1010;
				LastUpgradeCheck = 1010;
				ORGANIZATIONNAME = "Local István Gulyás";
				TargetAttributes = {
					CC15B80D21A59DD200B0B421 = {
						CreatedOnToolsVersion = 10.1;
					};
				};
			};
			buildConfigurationList = CC15B80921A59DD200B0B421 /* Build configuration list for PBXProject "Metal by Example" */;
			compatibilityVersion = "Xcode 9.3";
			developmentRegion = en;
			hasScannedForEncodings = 0;
			knownRegions = (
				en,
				Base,
			);
			mainGroup = CC15B80521A59DD200B0B421;
			productRefGroup = CC15B80F21A59DD200B0B421 /* Products */;
			projectDirPath = "";
			projectRoot = "";
			targets = (
				CC15B80D21A59DD200B0B421 /* Metal by Example */,
			);
		};
/* End PBXProject section */

/* Begin PBXResourcesBuildPhase section */
		CC15B80C21A59DD200B0B421 /* Resources */ = {
			isa = PBXResourcesBuildPhase;
			buildActionMask = 2147483647;
			files = (
				CC15B81C21A59DD400B0B421 /* LaunchScreen.storyboard in Resources */,
				CC15B82921A5A75D00B0B421 /* blub.obj in Resources */,
				CC15B82A21A5A75D00B0B421 /* teapot.obj in Resources */,
				CC15B81921A59DD400B0B421 /* Assets.xcassets in Resources */,
				CC15B81721A59DD200B0B421 /* Main.storyboard in Resources */,
				CC15B82821A5A75D00B0B421 /* bob.obj in Resources */,
			);
			runOnlyForDeploymentPostprocessing = 0;
		};
/* End PBXResourcesBuildPhase section */

/* Begin PBXSourcesBuildPhase section */
		CC15B80A21A59DD200B0B421 /* Sources */ = {
			isa = PBXSourcesBuildPhase;
			buildActionMask = 2147483647;
			files = (
				CC15B82C21A5AE2B00B0B421 /* Shaders.metal in Sources */,
				CC15B81421A59DD200B0B421 /* ViewController.swift in Sources */,
				CC65926421AC1965007462CA /* Scene.swift in Sources */,
				CC15B81221A59DD200B0B421 /* AppDelegate.swift in Sources */,
				CC15B82421A5A4E900B0B421 /* Renderer.swift in Sources */,
				CC15B82E21A5BBED00B0B421 /* MathUtilities.swift in Sources */,
			);
			runOnlyForDeploymentPostprocessing = 0;
		};
/* End PBXSourcesBuildPhase section */

/* Begin PBXVariantGroup section */
		CC15B81521A59DD200B0B421 /* Main.storyboard */ = {
			isa = PBXVariantGroup;
			children = (
				CC15B81621A59DD200B0B421 /* Base */,
			);
			name = Main.storyboard;
			sourceTree = "<group>";
		};
		CC15B81A21A59DD400B0B421 /* LaunchScreen.storyboard */ = {
			isa = PBXVariantGroup;
			children = (
				CC15B81B21A59DD400B0B421 /* Base */,
			);
			name = LaunchScreen.storyboard;
			sourceTree = "<group>";
		};
/* End PBXVariantGroup section */

/* Begin XCBuildConfiguration section */
		CC15B81E21A59DD400B0B421 /* Debug */ = {
			isa = XCBuildConfiguration;
			buildSettings = {
				ALWAYS_SEARCH_USER_PATHS = NO;
				CLANG_ANALYZER_NONNULL = YES;
				CLANG_ANALYZER_NUMBER_OBJECT_CONVERSION = YES_AGGRESSIVE;
				CLANG_CXX_LANGUAGE_STANDARD = "gnu++14";
				CLANG_CXX_LIBRARY = "libc++";
				CLANG_ENABLE_MODULES = YES;
				CLANG_ENABLE_OBJC_ARC = YES;
				CLANG_ENABLE_OBJC_WEAK = YES;
				CLANG_WARN_BLOCK_CAPTURE_AUTORELEASING = YES;
				CLANG_WARN_BOOL_CONVERSION = YES;
				CLANG_WARN_COMMA = YES;
				CLANG_WARN_CONSTANT_CONVERSION = YES;
				CLANG_WARN_DEPRECATED_OBJC_IMPLEMENTATIONS = YES;
				CLANG_WARN_DIRECT_OBJC_ISA_USAGE = YES_ERROR;
				CLANG_WARN_DOCUMENTATION_COMMENTS = YES;
				CLANG_WARN_EMPTY_BODY = YES;
				CLANG_WARN_ENUM_CONVERSION = YES;
				CLANG_WARN_INFINITE_RECURSION = YES;
				CLANG_WARN_INT_CONVERSION = YES;
				CLANG_WARN_NON_LITERAL_NULL_CONVERSION = YES;
				CLANG_WARN_OBJC_IMPLICIT_RETAIN_SELF = YES;
				CLANG_WARN_OBJC_LITERAL_CONVERSION = YES;
				CLANG_WARN_OBJC_ROOT_CLASS = YES_ERROR;
				CLANG_WARN_RANGE_LOOP_ANALYSIS = YES;
				CLANG_WARN_STRICT_PROTOTYPES = YES;
				CLANG_WARN_SUSPICIOUS_MOVE = YES;
				CLANG_WARN_UNGUARDED_AVAILABILITY = YES_AGGRESSIVE;
				CLANG_WARN_UNREACHABLE_CODE = YES;
				CLANG_WARN__DUPLICATE_METHOD_MATCH = YES;
				CODE_SIGN_IDENTITY = "iPhone Developer";
				COPY_PHASE_STRIP = NO;
				DEBUG_INFORMATION_FORMAT = dwarf;
				ENABLE_STRICT_OBJC_MSGSEND = YES;
				ENABLE_TESTABILITY = YES;
				GCC_C_LANGUAGE_STANDARD = gnu11;
				GCC_DYNAMIC_NO_PIC = NO;
				GCC_NO_COMMON_BLOCKS = YES;
				GCC_OPTIMIZATION_LEVEL = 0;
				GCC_PREPROCESSOR_DEFINITIONS = (
					"DEBUG=1",
					"$(inherited)",
				);
				GCC_WARN_64_TO_32_BIT_CONVERSION = YES;
				GCC_WARN_ABOUT_RETURN_TYPE = YES_ERROR;
				GCC_WARN_UNDECLARED_SELECTOR = YES;
				GCC_WARN_UNINITIALIZED_AUTOS = YES_AGGRESSIVE;
				GCC_WARN_UNUSED_FUNCTION = YES;
				GCC_WARN_UNUSED_VARIABLE = YES;
				IPHONEOS_DEPLOYMENT_TARGET = 12.1;
				MTL_ENABLE_DEBUG_INFO = INCLUDE_SOURCE;
				MTL_FAST_MATH = YES;
				ONLY_ACTIVE_ARCH = YES;
				SDKROOT = iphoneos;
				SWIFT_ACTIVE_COMPILATION_CONDITIONS = DEBUG;
				SWIFT_OPTIMIZATION_LEVEL = "-Onone";
			};
			name = Debug;
		};
		CC15B81F21A59DD400B0B421 /* Release */ = {
			isa = XCBuildConfiguration;
			buildSettings = {
				ALWAYS_SEARCH_USER_PATHS = NO;
				CLANG_ANALYZER_NONNULL = YES;
				CLANG_ANALYZER_NUMBER_OBJECT_CONVERSION = YES_AGGRESSIVE;
				CLANG_CXX_LANGUAGE_STANDARD = "gnu++14";
				CLANG_CXX_LIBRARY = "libc++";
				CLANG_ENABLE_MODULES = YES;
				CLANG_ENABLE_OBJC_ARC = YES;
				CLANG_ENABLE_OBJC_WEAK = YES;
				CLANG_WARN_BLOCK_CAPTURE_AUTORELEASING = YES;
				CLANG_WARN_BOOL_CONVERSION = YES;
				CLANG_WARN_COMMA = YES;
				CLANG_WARN_CONSTANT_CONVERSION = YES;
				CLANG_WARN_DEPRECATED_OBJC_IMPLEMENTATIONS = YES;
				CLANG_WARN_DIRECT_OBJC_ISA_USAGE = YES_ERROR;
				CLANG_WARN_DOCUMENTATION_COMMENTS = YES;
				CLANG_WARN_EMPTY_BODY = YES;
				CLANG_WARN_ENUM_CONVERSION = YES;
				CLANG_WARN_INFINITE_RECURSION = YES;
				CLANG_WARN_INT_CONVERSION = YES;
				CLANG_WARN_NON_LITERAL_NULL_CONVERSION = YES;
				CLANG_WARN_OBJC_IMPLICIT_RETAIN_SELF = YES;
				CLANG_WARN_OBJC_LITERAL_CONVERSION = YES;
				CLANG_WARN_OBJC_ROOT_CLASS = YES_ERROR;
				CLANG_WARN_RANGE_LOOP_ANALYSIS = YES;
				CLANG_WARN_STRICT_PROTOTYPES = YES;
				CLANG_WARN_SUSPICIOUS_MOVE = YES;
				CLANG_WARN_UNGUARDED_AVAILABILITY = YES_AGGRESSIVE;
				CLANG_WARN_UNREACHABLE_CODE = YES;
				CLANG_WARN__DUPLICATE_METHOD_MATCH = YES;
				CODE_SIGN_IDENTITY = "iPhone Developer";
				COPY_PHASE_STRIP = NO;
				DEBUG_INFORMATION_FORMAT = "dwarf-with-dsym";
				ENABLE_NS_ASSERTIONS = NO;
				ENABLE_STRICT_OBJC_MSGSEND = YES;
				GCC_C_LANGUAGE_STANDARD = gnu11;
				GCC_NO_COMMON_BLOCKS = YES;
				GCC_WARN_64_TO_32_BIT_CONVERSION = YES;
				GCC_WARN_ABOUT_RETURN_TYPE = YES_ERROR;
				GCC_WARN_UNDECLARED_SELECTOR = YES;
				GCC_WARN_UNINITIALIZED_AUTOS = YES_AGGRESSIVE;
				GCC_WARN_UNUSED_FUNCTION = YES;
				GCC_WARN_UNUSED_VARIABLE = YES;
				IPHONEOS_DEPLOYMENT_TARGET = 12.1;
				MTL_ENABLE_DEBUG_INFO = NO;
				MTL_FAST_MATH = YES;
				SDKROOT = iphoneos;
				SWIFT_COMPILATION_MODE = wholemodule;
				SWIFT_OPTIMIZATION_LEVEL = "-O";
				VALIDATE_PRODUCT = YES;
			};
			name = Release;
		};
		CC15B82121A59DD400B0B421 /* Debug */ = {
			isa = XCBuildConfiguration;
			buildSettings = {
				ASSETCATALOG_COMPILER_APPICON_NAME = AppIcon;
				CODE_SIGN_STYLE = Automatic;
				DEVELOPMENT_TEAM = C465294RCV;
				INFOPLIST_FILE = "Metal by Example/Info.plist";
				LD_RUNPATH_SEARCH_PATHS = (
					"$(inherited)",
					"@executable_path/Frameworks",
				);
				PRODUCT_BUNDLE_IDENTIFIER = "com.storm.Metal-by-Example";
				PRODUCT_NAME = "$(TARGET_NAME)";
				SWIFT_VERSION = 4.2;
				TARGETED_DEVICE_FAMILY = "1,2";
			};
			name = Debug;
		};
		CC15B82221A59DD400B0B421 /* Release */ = {
			isa = XCBuildConfiguration;
			buildSettings = {
				ASSETCATALOG_COMPILER_APPICON_NAME = AppIcon;
				CODE_SIGN_STYLE = Automatic;
				DEVELOPMENT_TEAM = C465294RCV;
				INFOPLIST_FILE = "Metal by Example/Info.plist";
				LD_RUNPATH_SEARCH_PATHS = (
					"$(inherited)",
					"@executable_path/Frameworks",
				);
				PRODUCT_BUNDLE_IDENTIFIER = "com.storm.Metal-by-Example";
				PRODUCT_NAME = "$(TARGET_NAME)";
				SWIFT_VERSION = 4.2;
				TARGETED_DEVICE_FAMILY = "1,2";
			};
			name = Release;
		};
/* End XCBuildConfiguration section */

/* Begin XCConfigurationList section */
		CC15B80921A59DD200B0B421 /* Build configuration list for PBXProject "Metal by Example" */ = {
			isa = XCConfigurationList;
			buildConfigurations = (
				CC15B81E21A59DD400B0B421 /* Debug */,
				CC15B81F21A59DD400B0B421 /* Release */,
			);
			defaultConfigurationIsVisible = 0;
			defaultConfigurationName = Release;
		};
		CC15B82021A59DD400B0B421 /* Build configuration list for PBXNativeTarget "Metal by Example" */ = {
			isa = XCConfigurationList;
			buildConfigurations = (
				CC15B82121A59DD400B0B421 /* Debug */,
				CC15B82221A59DD400B0B421 /* Release */,
			);
			defaultConfigurationIsVisible = 0;
			defaultConfigurationName = Release;
		};
/* End XCConfigurationList section */
	};
	rootObject = CC15B80621A59DD200B0B421 /* Project object */;
}
